// !$*UTF8*$!
{
	archiveVersion = 1;
	classes = {
	};
	objectVersion = 56;
	objects = {

/* Begin PBXBuildFile section */
		A9D56E052D4E64A300CB9327 /* TravelSafeIOSApp.swift in Sources */ = {isa = PBXBuildFile; fileRef = A9D56E042D4E64A300CB9327 /* TravelSafeIOSApp.swift */; };
		A9D56E072D4E64A300CB9327 /* ContentView.swift in Sources */ = {isa = PBXBuildFile; fileRef = A9D56E062D4E64A300CB9327 /* ContentView.swift */; };
		A9D56E092D4E64A500CB9327 /* Assets.xcassets in Resources */ = {isa = PBXBuildFile; fileRef = A9D56E082D4E64A500CB9327 /* Assets.xcassets */; };
		A9D56E0C2D4E64A500CB9327 /* Preview Assets.xcassets in Resources */ = {isa = PBXBuildFile; fileRef = A9D56E0B2D4E64A500CB9327 /* Preview Assets.xcassets */; };
		A9D56E162D4E64A500CB9327 /* TravelSafeIOSTests.swift in Sources */ = {isa = PBXBuildFile; fileRef = A9D56E152D4E64A500CB9327 /* TravelSafeIOSTests.swift */; };
		A9D56E202D4E64A500CB9327 /* TravelSafeIOSUITests.swift in Sources */ = {isa = PBXBuildFile; fileRef = A9D56E1F2D4E64A500CB9327 /* TravelSafeIOSUITests.swift */; };
		A9D56E222D4E64A500CB9327 /* TravelSafeIOSUITestsLaunchTests.swift in Sources */ = {isa = PBXBuildFile; fileRef = A9D56E212D4E64A500CB9327 /* TravelSafeIOSUITestsLaunchTests.swift */; };
/* End PBXBuildFile section */

/* Begin PBXContainerItemProxy section */
		A9D56E122D4E64A500CB9327 /* PBXContainerItemProxy */ = {
			isa = PBXContainerItemProxy;
			containerPortal = A9D56DF92D4E64A300CB9327 /* Project object */;
			proxyType = 1;
			remoteGlobalIDString = A9D56E002D4E64A300CB9327;
			remoteInfo = TravelSafeIOS;
		};
		A9D56E1C2D4E64A500CB9327 /* PBXContainerItemProxy */ = {
			isa = PBXContainerItemProxy;
			containerPortal = A9D56DF92D4E64A300CB9327 /* Project object */;
			proxyType = 1;
			remoteGlobalIDString = A9D56E002D4E64A300CB9327;
			remoteInfo = TravelSafeIOS;
		};
/* End PBXContainerItemProxy section */

/* Begin PBXFileReference section */
		A9D56E012D4E64A300CB9327 /* TravelSafeIOS.app */ = {isa = PBXFileReference; explicitFileType = wrapper.application; includeInIndex = 0; path = TravelSafeIOS.app; sourceTree = BUILT_PRODUCTS_DIR; };
		A9D56E042D4E64A300CB9327 /* TravelSafeIOSApp.swift */ = {isa = PBXFileReference; lastKnownFileType = sourcecode.swift; path = TravelSafeIOSApp.swift; sourceTree = "<group>"; };
		A9D56E062D4E64A300CB9327 /* ContentView.swift */ = {isa = PBXFileReference; lastKnownFileType = sourcecode.swift; path = ContentView.swift; sourceTree = "<group>"; };
		A9D56E082D4E64A500CB9327 /* Assets.xcassets */ = {isa = PBXFileReference; lastKnownFileType = folder.assetcatalog; path = Assets.xcassets; sourceTree = "<group>"; };
		A9D56E0B2D4E64A500CB9327 /* Preview Assets.xcassets */ = {isa = PBXFileReference; lastKnownFileType = folder.assetcatalog; path = "Preview Assets.xcassets"; sourceTree = "<group>"; };
		A9D56E112D4E64A500CB9327 /* TravelSafeIOSTests.xctest */ = {isa = PBXFileReference; explicitFileType = wrapper.cfbundle; includeInIndex = 0; path = TravelSafeIOSTests.xctest; sourceTree = BUILT_PRODUCTS_DIR; };
		A9D56E152D4E64A500CB9327 /* TravelSafeIOSTests.swift */ = {isa = PBXFileReference; lastKnownFileType = sourcecode.swift; path = TravelSafeIOSTests.swift; sourceTree = "<group>"; };
		A9D56E1B2D4E64A500CB9327 /* TravelSafeIOSUITests.xctest */ = {isa = PBXFileReference; explicitFileType = wrapper.cfbundle; includeInIndex = 0; path = TravelSafeIOSUITests.xctest; sourceTree = BUILT_PRODUCTS_DIR; };
		A9D56E1F2D4E64A500CB9327 /* TravelSafeIOSUITests.swift */ = {isa = PBXFileReference; lastKnownFileType = sourcecode.swift; path = TravelSafeIOSUITests.swift; sourceTree = "<group>"; };
		A9D56E212D4E64A500CB9327 /* TravelSafeIOSUITestsLaunchTests.swift */ = {isa = PBXFileReference; lastKnownFileType = sourcecode.swift; path = TravelSafeIOSUITestsLaunchTests.swift; sourceTree = "<group>"; };
/* End PBXFileReference section */

/* Begin PBXFrameworksBuildPhase section */
		A9D56DFE2D4E64A300CB9327 /* Frameworks */ = {
			isa = PBXFrameworksBuildPhase;
			buildActionMask = 2147483647;
			files = (
			);
			runOnlyForDeploymentPostprocessing = 0;
		};
		A9D56E0E2D4E64A500CB9327 /* Frameworks */ = {
			isa = PBXFrameworksBuildPhase;
			buildActionMask = 2147483647;
			files = (
			);
			runOnlyForDeploymentPostprocessing = 0;
		};
		A9D56E182D4E64A500CB9327 /* Frameworks */ = {
			isa = PBXFrameworksBuildPhase;
			buildActionMask = 2147483647;
			files = (
			);
			runOnlyForDeploymentPostprocessing = 0;
		};
/* End PBXFrameworksBuildPhase section */

/* Begin PBXGroup section */
		A9D56DF82D4E64A300CB9327 = {
			isa = PBXGroup;
			children = (
				A9D56E032D4E64A300CB9327 /* TravelSafeIOS */,
				A9D56E142D4E64A500CB9327 /* TravelSafeIOSTests */,
				A9D56E1E2D4E64A500CB9327 /* TravelSafeIOSUITests */,
				A9D56E022D4E64A300CB9327 /* Products */,
			);
			sourceTree = "<group>";
		};
		A9D56E022D4E64A300CB9327 /* Products */ = {
			isa = PBXGroup;
			children = (
				A9D56E012D4E64A300CB9327 /* TravelSafeIOS.app */,
				A9D56E112D4E64A500CB9327 /* TravelSafeIOSTests.xctest */,
				A9D56E1B2D4E64A500CB9327 /* TravelSafeIOSUITests.xctest */,
			);
			name = Products;
			sourceTree = "<group>";
		};
		A9D56E032D4E64A300CB9327 /* TravelSafeIOS */ = {
			isa = PBXGroup;
			children = (
				A9D56E042D4E64A300CB9327 /* TravelSafeIOSApp.swift */,
				A9D56E062D4E64A300CB9327 /* ContentView.swift */,
				A9D56E082D4E64A500CB9327 /* Assets.xcassets */,
				A9D56E0A2D4E64A500CB9327 /* Preview Content */,
			);
			path = TravelSafeIOS;
			sourceTree = "<group>";
		};
		A9D56E0A2D4E64A500CB9327 /* Preview Content */ = {
			isa = PBXGroup;
			children = (
				A9D56E0B2D4E64A500CB9327 /* Preview Assets.xcassets */,
			);
			path = "Preview Content";
			sourceTree = "<group>";
		};
		A9D56E142D4E64A500CB9327 /* TravelSafeIOSTests */ = {
			isa = PBXGroup;
			children = (
				A9D56E152D4E64A500CB9327 /* TravelSafeIOSTests.swift */,
			);
			path = TravelSafeIOSTests;
			sourceTree = "<group>";
		};
		A9D56E1E2D4E64A500CB9327 /* TravelSafeIOSUITests */ = {
			isa = PBXGroup;
			children = (
				A9D56E1F2D4E64A500CB9327 /* TravelSafeIOSUITests.swift */,
				A9D56E212D4E64A500CB9327 /* TravelSafeIOSUITestsLaunchTests.swift */,
			);
			path = TravelSafeIOSUITests;
			sourceTree = "<group>";
		};
/* End PBXGroup section */

/* Begin PBXNativeTarget section */
		A9D56E002D4E64A300CB9327 /* TravelSafeIOS */ = {
			isa = PBXNativeTarget;
			buildConfigurationList = A9D56E252D4E64A500CB9327 /* Build configuration list for PBXNativeTarget "TravelSafeIOS" */;
			buildPhases = (
				A9D56DFD2D4E64A300CB9327 /* Sources */,
				A9D56DFE2D4E64A300CB9327 /* Frameworks */,
				A9D56DFF2D4E64A300CB9327 /* Resources */,
			);
			buildRules = (
			);
			dependencies = (
			);
			name = TravelSafeIOS;
			productName = TravelSafeIOS;
			productReference = A9D56E012D4E64A300CB9327 /* TravelSafeIOS.app */;
			productType = "com.apple.product-type.application";
		};
		A9D56E102D4E64A500CB9327 /* TravelSafeIOSTests */ = {
			isa = PBXNativeTarget;
			buildConfigurationList = A9D56E282D4E64A500CB9327 /* Build configuration list for PBXNativeTarget "TravelSafeIOSTests" */;
			buildPhases = (
				A9D56E0D2D4E64A500CB9327 /* Sources */,
				A9D56E0E2D4E64A500CB9327 /* Frameworks */,
				A9D56E0F2D4E64A500CB9327 /* Resources */,
			);
			buildRules = (
			);
			dependencies = (
				A9D56E132D4E64A500CB9327 /* PBXTargetDependency */,
			);
			name = TravelSafeIOSTests;
			productName = TravelSafeIOSTests;
			productReference = A9D56E112D4E64A500CB9327 /* TravelSafeIOSTests.xctest */;
			productType = "com.apple.product-type.bundle.unit-test";
		};
		A9D56E1A2D4E64A500CB9327 /* TravelSafeIOSUITests */ = {
			isa = PBXNativeTarget;
			buildConfigurationList = A9D56E2B2D4E64A500CB9327 /* Build configuration list for PBXNativeTarget "TravelSafeIOSUITests" */;
			buildPhases = (
				A9D56E172D4E64A500CB9327 /* Sources */,
				A9D56E182D4E64A500CB9327 /* Frameworks */,
				A9D56E192D4E64A500CB9327 /* Resources */,
			);
			buildRules = (
			);
			dependencies = (
				A9D56E1D2D4E64A500CB9327 /* PBXTargetDependency */,
			);
			name = TravelSafeIOSUITests;
			productName = TravelSafeIOSUITests;
			productReference = A9D56E1B2D4E64A500CB9327 /* TravelSafeIOSUITests.xctest */;
			productType = "com.apple.product-type.bundle.ui-testing";
		};
/* End PBXNativeTarget section */

/* Begin PBXProject section */
		A9D56DF92D4E64A300CB9327 /* Project object */ = {
			isa = PBXProject;
			attributes = {
				BuildIndependentTargetsInParallel = 1;
				LastSwiftUpdateCheck = 1510;
				LastUpgradeCheck = 1510;
				TargetAttributes = {
					A9D56E002D4E64A300CB9327 = {
						CreatedOnToolsVersion = 15.1;
					};
					A9D56E102D4E64A500CB9327 = {
						CreatedOnToolsVersion = 15.1;
						TestTargetID = A9D56E002D4E64A300CB9327;
					};
					A9D56E1A2D4E64A500CB9327 = {
						CreatedOnToolsVersion = 15.1;
						TestTargetID = A9D56E002D4E64A300CB9327;
					};
				};
			};
			buildConfigurationList = A9D56DFC2D4E64A300CB9327 /* Build configuration list for PBXProject "TravelSafeIOS" */;
			compatibilityVersion = "Xcode 14.0";
			developmentRegion = en;
			hasScannedForEncodings = 0;
			knownRegions = (
				en,
				Base,
			);
			mainGroup = A9D56DF82D4E64A300CB9327;
			productRefGroup = A9D56E022D4E64A300CB9327 /* Products */;
			projectDirPath = "";
			projectRoot = "";
			targets = (
				A9D56E002D4E64A300CB9327 /* TravelSafeIOS */,
				A9D56E102D4E64A500CB9327 /* TravelSafeIOSTests */,
				A9D56E1A2D4E64A500CB9327 /* TravelSafeIOSUITests */,
			);
		};
/* End PBXProject section */

/* Begin PBXResourcesBuildPhase section */
		A9D56DFF2D4E64A300CB9327 /* Resources */ = {
			isa = PBXResourcesBuildPhase;
			buildActionMask = 2147483647;
			files = (
				A9D56E0C2D4E64A500CB9327 /* Preview Assets.xcassets in Resources */,
				A9D56E092D4E64A500CB9327 /* Assets.xcassets in Resources */,
			);
			runOnlyForDeploymentPostprocessing = 0;
		};
		A9D56E0F2D4E64A500CB9327 /* Resources */ = {
			isa = PBXResourcesBuildPhase;
			buildActionMask = 2147483647;
			files = (
			);
			runOnlyForDeploymentPostprocessing = 0;
		};
		A9D56E192D4E64A500CB9327 /* Resources */ = {
			isa = PBXResourcesBuildPhase;
			buildActionMask = 2147483647;
			files = (
			);
			runOnlyForDeploymentPostprocessing = 0;
		};
/* End PBXResourcesBuildPhase section */

/* Begin PBXSourcesBuildPhase section */
		A9D56DFD2D4E64A300CB9327 /* Sources */ = {
			isa = PBXSourcesBuildPhase;
			buildActionMask = 2147483647;
			files = (
				A9D56E072D4E64A300CB9327 /* ContentView.swift in Sources */,
				A9D56E052D4E64A300CB9327 /* TravelSafeIOSApp.swift in Sources */,
			);
			runOnlyForDeploymentPostprocessing = 0;
		};
		A9D56E0D2D4E64A500CB9327 /* Sources */ = {
			isa = PBXSourcesBuildPhase;
			buildActionMask = 2147483647;
			files = (
				A9D56E162D4E64A500CB9327 /* TravelSafeIOSTests.swift in Sources */,
			);
			runOnlyForDeploymentPostprocessing = 0;
		};
		A9D56E172D4E64A500CB9327 /* Sources */ = {
			isa = PBXSourcesBuildPhase;
			buildActionMask = 2147483647;
			files = (
				A9D56E202D4E64A500CB9327 /* TravelSafeIOSUITests.swift in Sources */,
				A9D56E222D4E64A500CB9327 /* TravelSafeIOSUITestsLaunchTests.swift in Sources */,
			);
			runOnlyForDeploymentPostprocessing = 0;
		};
/* End PBXSourcesBuildPhase section */

/* Begin PBXTargetDependency section */
		A9D56E132D4E64A500CB9327 /* PBXTargetDependency */ = {
			isa = PBXTargetDependency;
			target = A9D56E002D4E64A300CB9327 /* TravelSafeIOS */;
			targetProxy = A9D56E122D4E64A500CB9327 /* PBXContainerItemProxy */;
		};
		A9D56E1D2D4E64A500CB9327 /* PBXTargetDependency */ = {
			isa = PBXTargetDependency;
			target = A9D56E002D4E64A300CB9327 /* TravelSafeIOS */;
			targetProxy = A9D56E1C2D4E64A500CB9327 /* PBXContainerItemProxy */;
		};
/* End PBXTargetDependency section */

/* Begin XCBuildConfiguration section */
		A9D56E232D4E64A500CB9327 /* Debug */ = {
			isa = XCBuildConfiguration;
			buildSettings = {
				ALWAYS_SEARCH_USER_PATHS = NO;
				ASSETCATALOG_COMPILER_GENERATE_SWIFT_ASSET_SYMBOL_EXTENSIONS = YES;
				CLANG_ANALYZER_NONNULL = YES;
				CLANG_ANALYZER_NUMBER_OBJECT_CONVERSION = YES_AGGRESSIVE;
				CLANG_CXX_LANGUAGE_STANDARD = "gnu++20";
				CLANG_ENABLE_MODULES = YES;
				CLANG_ENABLE_OBJC_ARC = YES;
				CLANG_ENABLE_OBJC_WEAK = YES;
				CLANG_WARN_BLOCK_CAPTURE_AUTORELEASING = YES;
				CLANG_WARN_BOOL_CONVERSION = YES;
				CLANG_WARN_COMMA = YES;
				CLANG_WARN_CONSTANT_CONVERSION = YES;
				CLANG_WARN_DEPRECATED_OBJC_IMPLEMENTATIONS = YES;
				CLANG_WARN_DIRECT_OBJC_ISA_USAGE = YES_ERROR;
				CLANG_WARN_DOCUMENTATION_COMMENTS = YES;
				CLANG_WARN_EMPTY_BODY = YES;
				CLANG_WARN_ENUM_CONVERSION = YES;
				CLANG_WARN_INFINITE_RECURSION = YES;
				CLANG_WARN_INT_CONVERSION = YES;
				CLANG_WARN_NON_LITERAL_NULL_CONVERSION = YES;
				CLANG_WARN_OBJC_IMPLICIT_RETAIN_SELF = YES;
				CLANG_WARN_OBJC_LITERAL_CONVERSION = YES;
				CLANG_WARN_OBJC_ROOT_CLASS = YES_ERROR;
				CLANG_WARN_QUOTED_INCLUDE_IN_FRAMEWORK_HEADER = YES;
				CLANG_WARN_RANGE_LOOP_ANALYSIS = YES;
				CLANG_WARN_STRICT_PROTOTYPES = YES;
				CLANG_WARN_SUSPICIOUS_MOVE = YES;
				CLANG_WARN_UNGUARDED_AVAILABILITY = YES_AGGRESSIVE;
				CLANG_WARN_UNREACHABLE_CODE = YES;
				CLANG_WARN__DUPLICATE_METHOD_MATCH = YES;
				COPY_PHASE_STRIP = NO;
				DEBUG_INFORMATION_FORMAT = dwarf;
				ENABLE_STRICT_OBJC_MSGSEND = YES;
				ENABLE_TESTABILITY = YES;
				ENABLE_USER_SCRIPT_SANDBOXING = YES;
				GCC_C_LANGUAGE_STANDARD = gnu17;
				GCC_DYNAMIC_NO_PIC = NO;
				GCC_NO_COMMON_BLOCKS = YES;
				GCC_OPTIMIZATION_LEVEL = 0;
				GCC_PREPROCESSOR_DEFINITIONS = (
					"DEBUG=1",
					"$(inherited)",
				);
				GCC_WARN_64_TO_32_BIT_CONVERSION = YES;
				GCC_WARN_ABOUT_RETURN_TYPE = YES_ERROR;
				GCC_WARN_UNDECLARED_SELECTOR = YES;
				GCC_WARN_UNINITIALIZED_AUTOS = YES_AGGRESSIVE;
				GCC_WARN_UNUSED_FUNCTION = YES;
				GCC_WARN_UNUSED_VARIABLE = YES;
				IPHONEOS_DEPLOYMENT_TARGET = 17.2;
				LOCALIZATION_PREFERS_STRING_CATALOGS = YES;
				MTL_ENABLE_DEBUG_INFO = INCLUDE_SOURCE;
				MTL_FAST_MATH = YES;
				ONLY_ACTIVE_ARCH = YES;
				SDKROOT = iphoneos;
				SWIFT_ACTIVE_COMPILATION_CONDITIONS = "DEBUG $(inherited)";
				SWIFT_OPTIMIZATION_LEVEL = "-Onone";
			};
			name = Debug;
		};
		A9D56E242D4E64A500CB9327 /* Release */ = {
			isa = XCBuildConfiguration;
			buildSettings = {
				ALWAYS_SEARCH_USER_PATHS = NO;
				ASSETCATALOG_COMPILER_GENERATE_SWIFT_ASSET_SYMBOL_EXTENSIONS = YES;
				CLANG_ANALYZER_NONNULL = YES;
				CLANG_ANALYZER_NUMBER_OBJECT_CONVERSION = YES_AGGRESSIVE;
				CLANG_CXX_LANGUAGE_STANDARD = "gnu++20";
				CLANG_ENABLE_MODULES = YES;
				CLANG_ENABLE_OBJC_ARC = YES;
				CLANG_ENABLE_OBJC_WEAK = YES;
				CLANG_WARN_BLOCK_CAPTURE_AUTORELEASING = YES;
				CLANG_WARN_BOOL_CONVERSION = YES;
				CLANG_WARN_COMMA = YES;
				CLANG_WARN_CONSTANT_CONVERSION = YES;
				CLANG_WARN_DEPRECATED_OBJC_IMPLEMENTATIONS = YES;
				CLANG_WARN_DIRECT_OBJC_ISA_USAGE = YES_ERROR;
				CLANG_WARN_DOCUMENTATION_COMMENTS = YES;
				CLANG_WARN_EMPTY_BODY = YES;
				CLANG_WARN_ENUM_CONVERSION = YES;
				CLANG_WARN_INFINITE_RECURSION = YES;
				CLANG_WARN_INT_CONVERSION = YES;
				CLANG_WARN_NON_LITERAL_NULL_CONVERSION = YES;
				CLANG_WARN_OBJC_IMPLICIT_RETAIN_SELF = YES;
				CLANG_WARN_OBJC_LITERAL_CONVERSION = YES;
				CLANG_WARN_OBJC_ROOT_CLASS = YES_ERROR;
				CLANG_WARN_QUOTED_INCLUDE_IN_FRAMEWORK_HEADER = YES;
				CLANG_WARN_RANGE_LOOP_ANALYSIS = YES;
				CLANG_WARN_STRICT_PROTOTYPES = YES;
				CLANG_WARN_SUSPICIOUS_MOVE = YES;
				CLANG_WARN_UNGUARDED_AVAILABILITY = YES_AGGRESSIVE;
				CLANG_WARN_UNREACHABLE_CODE = YES;
				CLANG_WARN__DUPLICATE_METHOD_MATCH = YES;
				COPY_PHASE_STRIP = NO;
				DEBUG_INFORMATION_FORMAT = "dwarf-with-dsym";
				ENABLE_NS_ASSERTIONS = NO;
				ENABLE_STRICT_OBJC_MSGSEND = YES;
				ENABLE_USER_SCRIPT_SANDBOXING = YES;
				GCC_C_LANGUAGE_STANDARD = gnu17;
				GCC_NO_COMMON_BLOCKS = YES;
				GCC_WARN_64_TO_32_BIT_CONVERSION = YES;
				GCC_WARN_ABOUT_RETURN_TYPE = YES_ERROR;
				GCC_WARN_UNDECLARED_SELECTOR = YES;
				GCC_WARN_UNINITIALIZED_AUTOS = YES_AGGRESSIVE;
				GCC_WARN_UNUSED_FUNCTION = YES;
				GCC_WARN_UNUSED_VARIABLE = YES;
				IPHONEOS_DEPLOYMENT_TARGET = 17.2;
				LOCALIZATION_PREFERS_STRING_CATALOGS = YES;
				MTL_ENABLE_DEBUG_INFO = NO;
				MTL_FAST_MATH = YES;
				SDKROOT = iphoneos;
				SWIFT_COMPILATION_MODE = wholemodule;
				VALIDATE_PRODUCT = YES;
			};
			name = Release;
		};
		A9D56E262D4E64A500CB9327 /* Debug */ = {
			isa = XCBuildConfiguration;
			buildSettings = {
				ASSETCATALOG_COMPILER_APPICON_NAME = AppIcon;
				ASSETCATALOG_COMPILER_GLOBAL_ACCENT_COLOR_NAME = AccentColor;
				CODE_SIGN_STYLE = Automatic;
				CURRENT_PROJECT_VERSION = 1;
				DEVELOPMENT_ASSET_PATHS = "\"TravelSafeIOS/Preview Content\"";
				ENABLE_PREVIEWS = YES;
				GENERATE_INFOPLIST_FILE = YES;
				INFOPLIST_KEY_UIApplicationSceneManifest_Generation = YES;
				INFOPLIST_KEY_UIApplicationSupportsIndirectInputEvents = YES;
				INFOPLIST_KEY_UILaunchScreen_Generation = YES;
				INFOPLIST_KEY_UISupportedInterfaceOrientations_iPad = "UIInterfaceOrientationPortrait UIInterfaceOrientationPortraitUpsideDown UIInterfaceOrientationLandscapeLeft UIInterfaceOrientationLandscapeRight";
				INFOPLIST_KEY_UISupportedInterfaceOrientations_iPhone = "UIInterfaceOrientationPortrait UIInterfaceOrientationLandscapeLeft UIInterfaceOrientationLandscapeRight";
				LD_RUNPATH_SEARCH_PATHS = (
					"$(inherited)",
					"@executable_path/Frameworks",
				);
				MARKETING_VERSION = 1.0;
				PRODUCT_BUNDLE_IDENTIFIER = com.ttc.ml.TravelSafeIOS;
				PRODUCT_NAME = "$(TARGET_NAME)";
				SWIFT_EMIT_LOC_STRINGS = YES;
				SWIFT_VERSION = 5.0;
				TARGETED_DEVICE_FAMILY = "1,2";
			};
			name = Debug;
		};
		A9D56E272D4E64A500CB9327 /* Release */ = {
			isa = XCBuildConfiguration;
			buildSettings = {
				ASSETCATALOG_COMPILER_APPICON_NAME = AppIcon;
				ASSETCATALOG_COMPILER_GLOBAL_ACCENT_COLOR_NAME = AccentColor;
				CODE_SIGN_STYLE = Automatic;
				CURRENT_PROJECT_VERSION = 1;
				DEVELOPMENT_ASSET_PATHS = "\"TravelSafeIOS/Preview Content\"";
				ENABLE_PREVIEWS = YES;
				GENERATE_INFOPLIST_FILE = YES;
				INFOPLIST_KEY_UIApplicationSceneManifest_Generation = YES;
				INFOPLIST_KEY_UIApplicationSupportsIndirectInputEvents = YES;
				INFOPLIST_KEY_UILaunchScreen_Generation = YES;
				INFOPLIST_KEY_UISupportedInterfaceOrientations_iPad = "UIInterfaceOrientationPortrait UIInterfaceOrientationPortraitUpsideDown UIInterfaceOrientationLandscapeLeft UIInterfaceOrientationLandscapeRight";
				INFOPLIST_KEY_UISupportedInterfaceOrientations_iPhone = "UIInterfaceOrientationPortrait UIInterfaceOrientationLandscapeLeft UIInterfaceOrientationLandscapeRight";
				LD_RUNPATH_SEARCH_PATHS = (
					"$(inherited)",
					"@executable_path/Frameworks",
				);
				MARKETING_VERSION = 1.0;
				PRODUCT_BUNDLE_IDENTIFIER = com.ttc.ml.TravelSafeIOS;
				PRODUCT_NAME = "$(TARGET_NAME)";
				SWIFT_EMIT_LOC_STRINGS = YES;
				SWIFT_VERSION = 5.0;
				TARGETED_DEVICE_FAMILY = "1,2";
			};
			name = Release;
		};
		A9D56E292D4E64A500CB9327 /* Debug */ = {
			isa = XCBuildConfiguration;
			buildSettings = {
				ALWAYS_EMBED_SWIFT_STANDARD_LIBRARIES = YES;
				BUNDLE_LOADER = "$(TEST_HOST)";
				CODE_SIGN_STYLE = Automatic;
				CURRENT_PROJECT_VERSION = 1;
				GENERATE_INFOPLIST_FILE = YES;
				IPHONEOS_DEPLOYMENT_TARGET = 17.2;
				MARKETING_VERSION = 1.0;
				PRODUCT_BUNDLE_IDENTIFIER = com.ttc.ml.TravelSafeIOSTests;
				PRODUCT_NAME = "$(TARGET_NAME)";
				SWIFT_EMIT_LOC_STRINGS = NO;
				SWIFT_VERSION = 5.0;
				TARGETED_DEVICE_FAMILY = "1,2";
				TEST_HOST = "$(BUILT_PRODUCTS_DIR)/TravelSafeIOS.app/$(BUNDLE_EXECUTABLE_FOLDER_PATH)/TravelSafeIOS";
			};
			name = Debug;
		};
		A9D56E2A2D4E64A500CB9327 /* Release */ = {
			isa = XCBuildConfiguration;
			buildSettings = {
				ALWAYS_EMBED_SWIFT_STANDARD_LIBRARIES = YES;
				BUNDLE_LOADER = "$(TEST_HOST)";
				CODE_SIGN_STYLE = Automatic;
				CURRENT_PROJECT_VERSION = 1;
				GENERATE_INFOPLIST_FILE = YES;
				IPHONEOS_DEPLOYMENT_TARGET = 17.2;
				MARKETING_VERSION = 1.0;
				PRODUCT_BUNDLE_IDENTIFIER = com.ttc.ml.TravelSafeIOSTests;
				PRODUCT_NAME = "$(TARGET_NAME)";
				SWIFT_EMIT_LOC_STRINGS = NO;
				SWIFT_VERSION = 5.0;
				TARGETED_DEVICE_FAMILY = "1,2";
				TEST_HOST = "$(BUILT_PRODUCTS_DIR)/TravelSafeIOS.app/$(BUNDLE_EXECUTABLE_FOLDER_PATH)/TravelSafeIOS";
			};
			name = Release;
		};
		A9D56E2C2D4E64A500CB9327 /* Debug */ = {
			isa = XCBuildConfiguration;
			buildSettings = {
				ALWAYS_EMBED_SWIFT_STANDARD_LIBRARIES = YES;
				CODE_SIGN_STYLE = Automatic;
				CURRENT_PROJECT_VERSION = 1;
				GENERATE_INFOPLIST_FILE = YES;
				MARKETING_VERSION = 1.0;
				PRODUCT_BUNDLE_IDENTIFIER = com.ttc.ml.TravelSafeIOSUITests;
				PRODUCT_NAME = "$(TARGET_NAME)";
				SWIFT_EMIT_LOC_STRINGS = NO;
				SWIFT_VERSION = 5.0;
				TARGETED_DEVICE_FAMILY = "1,2";
				TEST_TARGET_NAME = TravelSafeIOS;
			};
			name = Debug;
		};
		A9D56E2D2D4E64A500CB9327 /* Release */ = {
			isa = XCBuildConfiguration;
			buildSettings = {
				ALWAYS_EMBED_SWIFT_STANDARD_LIBRARIES = YES;
				CODE_SIGN_STYLE = Automatic;
				CURRENT_PROJECT_VERSION = 1;
				GENERATE_INFOPLIST_FILE = YES;
				MARKETING_VERSION = 1.0;
				PRODUCT_BUNDLE_IDENTIFIER = com.ttc.ml.TravelSafeIOSUITests;
				PRODUCT_NAME = "$(TARGET_NAME)";
				SWIFT_EMIT_LOC_STRINGS = NO;
				SWIFT_VERSION = 5.0;
				TARGETED_DEVICE_FAMILY = "1,2";
				TEST_TARGET_NAME = TravelSafeIOS;
			};
			name = Release;
		};
/* End XCBuildConfiguration section */

/* Begin XCConfigurationList section */
		A9D56DFC2D4E64A300CB9327 /* Build configuration list for PBXProject "TravelSafeIOS" */ = {
			isa = XCConfigurationList;
			buildConfigurations = (
				A9D56E232D4E64A500CB9327 /* Debug */,
				A9D56E242D4E64A500CB9327 /* Release */,
			);
			defaultConfigurationIsVisible = 0;
			defaultConfigurationName = Release;
		};
		A9D56E252D4E64A500CB9327 /* Build configuration list for PBXNativeTarget "TravelSafeIOS" */ = {
			isa = XCConfigurationList;
			buildConfigurations = (
				A9D56E262D4E64A500CB9327 /* Debug */,
				A9D56E272D4E64A500CB9327 /* Release */,
			);
			defaultConfigurationIsVisible = 0;
			defaultConfigurationName = Release;
		};
		A9D56E282D4E64A500CB9327 /* Build configuration list for PBXNativeTarget "TravelSafeIOSTests" */ = {
			isa = XCConfigurationList;
			buildConfigurations = (
				A9D56E292D4E64A500CB9327 /* Debug */,
				A9D56E2A2D4E64A500CB9327 /* Release */,
			);
			defaultConfigurationIsVisible = 0;
			defaultConfigurationName = Release;
		};
		A9D56E2B2D4E64A500CB9327 /* Build configuration list for PBXNativeTarget "TravelSafeIOSUITests" */ = {
			isa = XCConfigurationList;
			buildConfigurations = (
				A9D56E2C2D4E64A500CB9327 /* Debug */,
				A9D56E2D2D4E64A500CB9327 /* Release */,
			);
			defaultConfigurationIsVisible = 0;
			defaultConfigurationName = Release;
		};
/* End XCConfigurationList section */
	};
	rootObject = A9D56DF92D4E64A300CB9327 /* Project object */;
}
